// !$*UTF8*$!
{
	archiveVersion = 1;
	classes = {
	};
	objectVersion = 56;
	objects = {

/* Begin PBXBuildFile section */
		D88D102829B1581700514283 /* AppDelegate.swift in Sources */ = {isa = PBXBuildFile; fileRef = D88D102729B1581700514283 /* AppDelegate.swift */; };
		D88D102A29B1581700514283 /* SceneDelegate.swift in Sources */ = {isa = PBXBuildFile; fileRef = D88D102929B1581700514283 /* SceneDelegate.swift */; };
		D88D102C29B1581700514283 /* ViewController.swift in Sources */ = {isa = PBXBuildFile; fileRef = D88D102B29B1581700514283 /* ViewController.swift */; };
		D88D102F29B1581700514283 /* Main.storyboard in Resources */ = {isa = PBXBuildFile; fileRef = D88D102D29B1581700514283 /* Main.storyboard */; };
		D88D103229B1581700514283 /* ContactApp_Seiken.xcdatamodeld in Sources */ = {isa = PBXBuildFile; fileRef = D88D103029B1581700514283 /* ContactApp_Seiken.xcdatamodeld */; };
		D88D103429B1581800514283 /* Assets.xcassets in Resources */ = {isa = PBXBuildFile; fileRef = D88D103329B1581800514283 /* Assets.xcassets */; };
		D88D103729B1581800514283 /* LaunchScreen.storyboard in Resources */ = {isa = PBXBuildFile; fileRef = D88D103529B1581800514283 /* LaunchScreen.storyboard */; };
		D88D104229B1581800514283 /* ContactApp_SeikenTests.swift in Sources */ = {isa = PBXBuildFile; fileRef = D88D104129B1581800514283 /* ContactApp_SeikenTests.swift */; };
		D88D104C29B1581800514283 /* ContactApp_SeikenUITests.swift in Sources */ = {isa = PBXBuildFile; fileRef = D88D104B29B1581800514283 /* ContactApp_SeikenUITests.swift */; };
		D88D104E29B1581800514283 /* ContactApp_SeikenUITestsLaunchTests.swift in Sources */ = {isa = PBXBuildFile; fileRef = D88D104D29B1581800514283 /* ContactApp_SeikenUITestsLaunchTests.swift */; };
/* End PBXBuildFile section */

/* Begin PBXContainerItemProxy section */
		D88D103E29B1581800514283 /* PBXContainerItemProxy */ = {
			isa = PBXContainerItemProxy;
			containerPortal = D88D101C29B1581700514283 /* Project object */;
			proxyType = 1;
			remoteGlobalIDString = D88D102329B1581700514283;
			remoteInfo = "ContactApp-Seiken";
		};
		D88D104829B1581800514283 /* PBXContainerItemProxy */ = {
			isa = PBXContainerItemProxy;
			containerPortal = D88D101C29B1581700514283 /* Project object */;
			proxyType = 1;
			remoteGlobalIDString = D88D102329B1581700514283;
			remoteInfo = "ContactApp-Seiken";
		};
/* End PBXContainerItemProxy section */

/* Begin PBXFileReference section */
		D88D102429B1581700514283 /* ContactApp-Seiken.app */ = {isa = PBXFileReference; explicitFileType = wrapper.application; includeInIndex = 0; path = "ContactApp-Seiken.app"; sourceTree = BUILT_PRODUCTS_DIR; };
		D88D102729B1581700514283 /* AppDelegate.swift */ = {isa = PBXFileReference; lastKnownFileType = sourcecode.swift; path = AppDelegate.swift; sourceTree = "<group>"; };
		D88D102929B1581700514283 /* SceneDelegate.swift */ = {isa = PBXFileReference; lastKnownFileType = sourcecode.swift; path = SceneDelegate.swift; sourceTree = "<group>"; };
		D88D102B29B1581700514283 /* ViewController.swift */ = {isa = PBXFileReference; lastKnownFileType = sourcecode.swift; path = ViewController.swift; sourceTree = "<group>"; };
		D88D102E29B1581700514283 /* Base */ = {isa = PBXFileReference; lastKnownFileType = file.storyboard; name = Base; path = Base.lproj/Main.storyboard; sourceTree = "<group>"; };
		D88D103129B1581700514283 /* ContactApp_Seiken.xcdatamodel */ = {isa = PBXFileReference; lastKnownFileType = wrapper.xcdatamodel; path = ContactApp_Seiken.xcdatamodel; sourceTree = "<group>"; };
		D88D103329B1581800514283 /* Assets.xcassets */ = {isa = PBXFileReference; lastKnownFileType = folder.assetcatalog; path = Assets.xcassets; sourceTree = "<group>"; };
		D88D103629B1581800514283 /* Base */ = {isa = PBXFileReference; lastKnownFileType = file.storyboard; name = Base; path = Base.lproj/LaunchScreen.storyboard; sourceTree = "<group>"; };
		D88D103829B1581800514283 /* Info.plist */ = {isa = PBXFileReference; lastKnownFileType = text.plist.xml; path = Info.plist; sourceTree = "<group>"; };
		D88D103D29B1581800514283 /* ContactApp-SeikenTests.xctest */ = {isa = PBXFileReference; explicitFileType = wrapper.cfbundle; includeInIndex = 0; path = "ContactApp-SeikenTests.xctest"; sourceTree = BUILT_PRODUCTS_DIR; };
		D88D104129B1581800514283 /* ContactApp_SeikenTests.swift */ = {isa = PBXFileReference; lastKnownFileType = sourcecode.swift; path = ContactApp_SeikenTests.swift; sourceTree = "<group>"; };
		D88D104729B1581800514283 /* ContactApp-SeikenUITests.xctest */ = {isa = PBXFileReference; explicitFileType = wrapper.cfbundle; includeInIndex = 0; path = "ContactApp-SeikenUITests.xctest"; sourceTree = BUILT_PRODUCTS_DIR; };
		D88D104B29B1581800514283 /* ContactApp_SeikenUITests.swift */ = {isa = PBXFileReference; lastKnownFileType = sourcecode.swift; path = ContactApp_SeikenUITests.swift; sourceTree = "<group>"; };
		D88D104D29B1581800514283 /* ContactApp_SeikenUITestsLaunchTests.swift */ = {isa = PBXFileReference; lastKnownFileType = sourcecode.swift; path = ContactApp_SeikenUITestsLaunchTests.swift; sourceTree = "<group>"; };
/* End PBXFileReference section */

/* Begin PBXFrameworksBuildPhase section */
		D88D102129B1581700514283 /* Frameworks */ = {
			isa = PBXFrameworksBuildPhase;
			buildActionMask = 2147483647;
			files = (
			);
			runOnlyForDeploymentPostprocessing = 0;
		};
		D88D103A29B1581800514283 /* Frameworks */ = {
			isa = PBXFrameworksBuildPhase;
			buildActionMask = 2147483647;
			files = (
			);
			runOnlyForDeploymentPostprocessing = 0;
		};
		D88D104429B1581800514283 /* Frameworks */ = {
			isa = PBXFrameworksBuildPhase;
			buildActionMask = 2147483647;
			files = (
			);
			runOnlyForDeploymentPostprocessing = 0;
		};
/* End PBXFrameworksBuildPhase section */

/* Begin PBXGroup section */
		D88D101B29B1581700514283 = {
			isa = PBXGroup;
			children = (
				D88D102629B1581700514283 /* ContactApp-Seiken */,
				D88D104029B1581800514283 /* ContactApp-SeikenTests */,
				D88D104A29B1581800514283 /* ContactApp-SeikenUITests */,
				D88D102529B1581700514283 /* Products */,
			);
			sourceTree = "<group>";
		};
		D88D102529B1581700514283 /* Products */ = {
			isa = PBXGroup;
			children = (
				D88D102429B1581700514283 /* ContactApp-Seiken.app */,
				D88D103D29B1581800514283 /* ContactApp-SeikenTests.xctest */,
				D88D104729B1581800514283 /* ContactApp-SeikenUITests.xctest */,
			);
			name = Products;
			sourceTree = "<group>";
		};
		D88D102629B1581700514283 /* ContactApp-Seiken */ = {
			isa = PBXGroup;
			children = (
				D88D102729B1581700514283 /* AppDelegate.swift */,
				D88D102929B1581700514283 /* SceneDelegate.swift */,
				D88D102B29B1581700514283 /* ViewController.swift */,
				D88D102D29B1581700514283 /* Main.storyboard */,
				D88D103329B1581800514283 /* Assets.xcassets */,
				D88D103529B1581800514283 /* LaunchScreen.storyboard */,
				D88D103829B1581800514283 /* Info.plist */,
				D88D103029B1581700514283 /* ContactApp_Seiken.xcdatamodeld */,
			);
			path = "ContactApp-Seiken";
			sourceTree = "<group>";
		};
		D88D104029B1581800514283 /* ContactApp-SeikenTests */ = {
			isa = PBXGroup;
			children = (
				D88D104129B1581800514283 /* ContactApp_SeikenTests.swift */,
			);
			path = "ContactApp-SeikenTests";
			sourceTree = "<group>";
		};
		D88D104A29B1581800514283 /* ContactApp-SeikenUITests */ = {
			isa = PBXGroup;
			children = (
				D88D104B29B1581800514283 /* ContactApp_SeikenUITests.swift */,
				D88D104D29B1581800514283 /* ContactApp_SeikenUITestsLaunchTests.swift */,
			);
			path = "ContactApp-SeikenUITests";
			sourceTree = "<group>";
		};
/* End PBXGroup section */

/* Begin PBXNativeTarget section */
		D88D102329B1581700514283 /* ContactApp-Seiken */ = {
			isa = PBXNativeTarget;
			buildConfigurationList = D88D105129B1581900514283 /* Build configuration list for PBXNativeTarget "ContactApp-Seiken" */;
			buildPhases = (
				D88D102029B1581700514283 /* Sources */,
				D88D102129B1581700514283 /* Frameworks */,
				D88D102229B1581700514283 /* Resources */,
			);
			buildRules = (
			);
			dependencies = (
			);
			name = "ContactApp-Seiken";
			productName = "ContactApp-Seiken";
			productReference = D88D102429B1581700514283 /* ContactApp-Seiken.app */;
			productType = "com.apple.product-type.application";
		};
		D88D103C29B1581800514283 /* ContactApp-SeikenTests */ = {
			isa = PBXNativeTarget;
			buildConfigurationList = D88D105429B1581900514283 /* Build configuration list for PBXNativeTarget "ContactApp-SeikenTests" */;
			buildPhases = (
				D88D103929B1581800514283 /* Sources */,
				D88D103A29B1581800514283 /* Frameworks */,
				D88D103B29B1581800514283 /* Resources */,
			);
			buildRules = (
			);
			dependencies = (
				D88D103F29B1581800514283 /* PBXTargetDependency */,
			);
			name = "ContactApp-SeikenTests";
			productName = "ContactApp-SeikenTests";
			productReference = D88D103D29B1581800514283 /* ContactApp-SeikenTests.xctest */;
			productType = "com.apple.product-type.bundle.unit-test";
		};
		D88D104629B1581800514283 /* ContactApp-SeikenUITests */ = {
			isa = PBXNativeTarget;
			buildConfigurationList = D88D105729B1581900514283 /* Build configuration list for PBXNativeTarget "ContactApp-SeikenUITests" */;
			buildPhases = (
				D88D104329B1581800514283 /* Sources */,
				D88D104429B1581800514283 /* Frameworks */,
				D88D104529B1581800514283 /* Resources */,
			);
			buildRules = (
			);
			dependencies = (
				D88D104929B1581800514283 /* PBXTargetDependency */,
			);
			name = "ContactApp-SeikenUITests";
			productName = "ContactApp-SeikenUITests";
			productReference = D88D104729B1581800514283 /* ContactApp-SeikenUITests.xctest */;
			productType = "com.apple.product-type.bundle.ui-testing";
		};
/* End PBXNativeTarget section */

/* Begin PBXProject section */
		D88D101C29B1581700514283 /* Project object */ = {
			isa = PBXProject;
			attributes = {
				BuildIndependentTargetsInParallel = 1;
				LastSwiftUpdateCheck = 1420;
				LastUpgradeCheck = 1420;
				TargetAttributes = {
					D88D102329B1581700514283 = {
						CreatedOnToolsVersion = 14.2;
					};
					D88D103C29B1581800514283 = {
						CreatedOnToolsVersion = 14.2;
						TestTargetID = D88D102329B1581700514283;
					};
					D88D104629B1581800514283 = {
						CreatedOnToolsVersion = 14.2;
						TestTargetID = D88D102329B1581700514283;
					};
				};
			};
			buildConfigurationList = D88D101F29B1581700514283 /* Build configuration list for PBXProject "ContactApp-Seiken" */;
			compatibilityVersion = "Xcode 14.0";
			developmentRegion = en;
			hasScannedForEncodings = 0;
			knownRegions = (
				en,
				Base,
			);
			mainGroup = D88D101B29B1581700514283;
			productRefGroup = D88D102529B1581700514283 /* Products */;
			projectDirPath = "";
			projectRoot = "";
			targets = (
				D88D102329B1581700514283 /* ContactApp-Seiken */,
				D88D103C29B1581800514283 /* ContactApp-SeikenTests */,
				D88D104629B1581800514283 /* ContactApp-SeikenUITests */,
			);
		};
/* End PBXProject section */

/* Begin PBXResourcesBuildPhase section */
		D88D102229B1581700514283 /* Resources */ = {
			isa = PBXResourcesBuildPhase;
			buildActionMask = 2147483647;
			files = (
				D88D103729B1581800514283 /* LaunchScreen.storyboard in Resources */,
				D88D103429B1581800514283 /* Assets.xcassets in Resources */,
				D88D102F29B1581700514283 /* Main.storyboard in Resources */,
			);
			runOnlyForDeploymentPostprocessing = 0;
		};
		D88D103B29B1581800514283 /* Resources */ = {
			isa = PBXResourcesBuildPhase;
			buildActionMask = 2147483647;
			files = (
			);
			runOnlyForDeploymentPostprocessing = 0;
		};
		D88D104529B1581800514283 /* Resources */ = {
			isa = PBXResourcesBuildPhase;
			buildActionMask = 2147483647;
			files = (
			);
			runOnlyForDeploymentPostprocessing = 0;
		};
/* End PBXResourcesBuildPhase section */

/* Begin PBXSourcesBuildPhase section */
		D88D102029B1581700514283 /* Sources */ = {
			isa = PBXSourcesBuildPhase;
			buildActionMask = 2147483647;
			files = (
				D88D102C29B1581700514283 /* ViewController.swift in Sources */,
				D88D103229B1581700514283 /* ContactApp_Seiken.xcdatamodeld in Sources */,
				D88D102829B1581700514283 /* AppDelegate.swift in Sources */,
				D88D102A29B1581700514283 /* SceneDelegate.swift in Sources */,
			);
			runOnlyForDeploymentPostprocessing = 0;
		};
		D88D103929B1581800514283 /* Sources */ = {
			isa = PBXSourcesBuildPhase;
			buildActionMask = 2147483647;
			files = (
				D88D104229B1581800514283 /* ContactApp_SeikenTests.swift in Sources */,
			);
			runOnlyForDeploymentPostprocessing = 0;
		};
		D88D104329B1581800514283 /* Sources */ = {
			isa = PBXSourcesBuildPhase;
			buildActionMask = 2147483647;
			files = (
				D88D104E29B1581800514283 /* ContactApp_SeikenUITestsLaunchTests.swift in Sources */,
				D88D104C29B1581800514283 /* ContactApp_SeikenUITests.swift in Sources */,
			);
			runOnlyForDeploymentPostprocessing = 0;
		};
/* End PBXSourcesBuildPhase section */

/* Begin PBXTargetDependency section */
		D88D103F29B1581800514283 /* PBXTargetDependency */ = {
			isa = PBXTargetDependency;
			target = D88D102329B1581700514283 /* ContactApp-Seiken */;
			targetProxy = D88D103E29B1581800514283 /* PBXContainerItemProxy */;
		};
		D88D104929B1581800514283 /* PBXTargetDependency */ = {
			isa = PBXTargetDependency;
			target = D88D102329B1581700514283 /* ContactApp-Seiken */;
			targetProxy = D88D104829B1581800514283 /* PBXContainerItemProxy */;
		};
/* End PBXTargetDependency section */

/* Begin PBXVariantGroup section */
		D88D102D29B1581700514283 /* Main.storyboard */ = {
			isa = PBXVariantGroup;
			children = (
				D88D102E29B1581700514283 /* Base */,
			);
			name = Main.storyboard;
			sourceTree = "<group>";
		};
		D88D103529B1581800514283 /* LaunchScreen.storyboard */ = {
			isa = PBXVariantGroup;
			children = (
				D88D103629B1581800514283 /* Base */,
			);
			name = LaunchScreen.storyboard;
			sourceTree = "<group>";
		};
/* End PBXVariantGroup section */

/* Begin XCBuildConfiguration section */
		D88D104F29B1581900514283 /* Debug */ = {
			isa = XCBuildConfiguration;
			buildSettings = {
				ALWAYS_SEARCH_USER_PATHS = NO;
				CLANG_ANALYZER_NONNULL = YES;
				CLANG_ANALYZER_NUMBER_OBJECT_CONVERSION = YES_AGGRESSIVE;
				CLANG_CXX_LANGUAGE_STANDARD = "gnu++20";
				CLANG_ENABLE_MODULES = YES;
				CLANG_ENABLE_OBJC_ARC = YES;
				CLANG_ENABLE_OBJC_WEAK = YES;
				CLANG_WARN_BLOCK_CAPTURE_AUTORELEASING = YES;
				CLANG_WARN_BOOL_CONVERSION = YES;
				CLANG_WARN_COMMA = YES;
				CLANG_WARN_CONSTANT_CONVERSION = YES;
				CLANG_WARN_DEPRECATED_OBJC_IMPLEMENTATIONS = YES;
				CLANG_WARN_DIRECT_OBJC_ISA_USAGE = YES_ERROR;
				CLANG_WARN_DOCUMENTATION_COMMENTS = YES;
				CLANG_WARN_EMPTY_BODY = YES;
				CLANG_WARN_ENUM_CONVERSION = YES;
				CLANG_WARN_INFINITE_RECURSION = YES;
				CLANG_WARN_INT_CONVERSION = YES;
				CLANG_WARN_NON_LITERAL_NULL_CONVERSION = YES;
				CLANG_WARN_OBJC_IMPLICIT_RETAIN_SELF = YES;
				CLANG_WARN_OBJC_LITERAL_CONVERSION = YES;
				CLANG_WARN_OBJC_ROOT_CLASS = YES_ERROR;
				CLANG_WARN_QUOTED_INCLUDE_IN_FRAMEWORK_HEADER = YES;
				CLANG_WARN_RANGE_LOOP_ANALYSIS = YES;
				CLANG_WARN_STRICT_PROTOTYPES = YES;
				CLANG_WARN_SUSPICIOUS_MOVE = YES;
				CLANG_WARN_UNGUARDED_AVAILABILITY = YES_AGGRESSIVE;
				CLANG_WARN_UNREACHABLE_CODE = YES;
				CLANG_WARN__DUPLICATE_METHOD_MATCH = YES;
				COPY_PHASE_STRIP = NO;
				DEBUG_INFORMATION_FORMAT = dwarf;
				ENABLE_STRICT_OBJC_MSGSEND = YES;
				ENABLE_TESTABILITY = YES;
				GCC_C_LANGUAGE_STANDARD = gnu11;
				GCC_DYNAMIC_NO_PIC = NO;
				GCC_NO_COMMON_BLOCKS = YES;
				GCC_OPTIMIZATION_LEVEL = 0;
				GCC_PREPROCESSOR_DEFINITIONS = (
					"DEBUG=1",
					"$(inherited)",
				);
				GCC_WARN_64_TO_32_BIT_CONVERSION = YES;
				GCC_WARN_ABOUT_RETURN_TYPE = YES_ERROR;
				GCC_WARN_UNDECLARED_SELECTOR = YES;
				GCC_WARN_UNINITIALIZED_AUTOS = YES_AGGRESSIVE;
				GCC_WARN_UNUSED_FUNCTION = YES;
				GCC_WARN_UNUSED_VARIABLE = YES;
				IPHONEOS_DEPLOYMENT_TARGET = 16.2;
				MTL_ENABLE_DEBUG_INFO = INCLUDE_SOURCE;
				MTL_FAST_MATH = YES;
				ONLY_ACTIVE_ARCH = YES;
				SDKROOT = iphoneos;
				SWIFT_ACTIVE_COMPILATION_CONDITIONS = DEBUG;
				SWIFT_OPTIMIZATION_LEVEL = "-Onone";
			};
			name = Debug;
		};
		D88D105029B1581900514283 /* Release */ = {
			isa = XCBuildConfiguration;
			buildSettings = {
				ALWAYS_SEARCH_USER_PATHS = NO;
				CLANG_ANALYZER_NONNULL = YES;
				CLANG_ANALYZER_NUMBER_OBJECT_CONVERSION = YES_AGGRESSIVE;
				CLANG_CXX_LANGUAGE_STANDARD = "gnu++20";
				CLANG_ENABLE_MODULES = YES;
				CLANG_ENABLE_OBJC_ARC = YES;
				CLANG_ENABLE_OBJC_WEAK = YES;
				CLANG_WARN_BLOCK_CAPTURE_AUTORELEASING = YES;
				CLANG_WARN_BOOL_CONVERSION = YES;
				CLANG_WARN_COMMA = YES;
				CLANG_WARN_CONSTANT_CONVERSION = YES;
				CLANG_WARN_DEPRECATED_OBJC_IMPLEMENTATIONS = YES;
				CLANG_WARN_DIRECT_OBJC_ISA_USAGE = YES_ERROR;
				CLANG_WARN_DOCUMENTATION_COMMENTS = YES;
				CLANG_WARN_EMPTY_BODY = YES;
				CLANG_WARN_ENUM_CONVERSION = YES;
				CLANG_WARN_INFINITE_RECURSION = YES;
				CLANG_WARN_INT_CONVERSION = YES;
				CLANG_WARN_NON_LITERAL_NULL_CONVERSION = YES;
				CLANG_WARN_OBJC_IMPLICIT_RETAIN_SELF = YES;
				CLANG_WARN_OBJC_LITERAL_CONVERSION = YES;
				CLANG_WARN_OBJC_ROOT_CLASS = YES_ERROR;
				CLANG_WARN_QUOTED_INCLUDE_IN_FRAMEWORK_HEADER = YES;
				CLANG_WARN_RANGE_LOOP_ANALYSIS = YES;
				CLANG_WARN_STRICT_PROTOTYPES = YES;
				CLANG_WARN_SUSPICIOUS_MOVE = YES;
				CLANG_WARN_UNGUARDED_AVAILABILITY = YES_AGGRESSIVE;
				CLANG_WARN_UNREACHABLE_CODE = YES;
				CLANG_WARN__DUPLICATE_METHOD_MATCH = YES;
				COPY_PHASE_STRIP = NO;
				DEBUG_INFORMATION_FORMAT = "dwarf-with-dsym";
				ENABLE_NS_ASSERTIONS = NO;
				ENABLE_STRICT_OBJC_MSGSEND = YES;
				GCC_C_LANGUAGE_STANDARD = gnu11;
				GCC_NO_COMMON_BLOCKS = YES;
				GCC_WARN_64_TO_32_BIT_CONVERSION = YES;
				GCC_WARN_ABOUT_RETURN_TYPE = YES_ERROR;
				GCC_WARN_UNDECLARED_SELECTOR = YES;
				GCC_WARN_UNINITIALIZED_AUTOS = YES_AGGRESSIVE;
				GCC_WARN_UNUSED_FUNCTION = YES;
				GCC_WARN_UNUSED_VARIABLE = YES;
				IPHONEOS_DEPLOYMENT_TARGET = 16.2;
				MTL_ENABLE_DEBUG_INFO = NO;
				MTL_FAST_MATH = YES;
				SDKROOT = iphoneos;
				SWIFT_COMPILATION_MODE = wholemodule;
				SWIFT_OPTIMIZATION_LEVEL = "-O";
				VALIDATE_PRODUCT = YES;
			};
			name = Release;
		};
		D88D105229B1581900514283 /* Debug */ = {
			isa = XCBuildConfiguration;
			buildSettings = {
				ASSETCATALOG_COMPILER_APPICON_NAME = AppIcon;
				ASSETCATALOG_COMPILER_GLOBAL_ACCENT_COLOR_NAME = AccentColor;
				CODE_SIGN_STYLE = Automatic;
				CURRENT_PROJECT_VERSION = 1;
				DEVELOPMENT_TEAM = DXCQ9WGD8Q;
				GENERATE_INFOPLIST_FILE = YES;
				INFOPLIST_FILE = "ContactApp-Seiken/Info.plist";
				INFOPLIST_KEY_UIApplicationSupportsIndirectInputEvents = YES;
				INFOPLIST_KEY_UILaunchStoryboardName = LaunchScreen;
				INFOPLIST_KEY_UIMainStoryboardFile = Main;
				INFOPLIST_KEY_UISupportedInterfaceOrientations_iPad = "UIInterfaceOrientationPortrait UIInterfaceOrientationPortraitUpsideDown UIInterfaceOrientationLandscapeLeft UIInterfaceOrientationLandscapeRight";
				INFOPLIST_KEY_UISupportedInterfaceOrientations_iPhone = "UIInterfaceOrientationPortrait UIInterfaceOrientationLandscapeLeft UIInterfaceOrientationLandscapeRight";
				LD_RUNPATH_SEARCH_PATHS = (
					"$(inherited)",
					"@executable_path/Frameworks",
				);
				MARKETING_VERSION = 1.0;
				PRODUCT_BUNDLE_IDENTIFIER = "com.seikendojo1.ContactApp-Seiken";
				PRODUCT_NAME = "$(TARGET_NAME)";
				SWIFT_EMIT_LOC_STRINGS = YES;
				SWIFT_VERSION = 5.0;
				TARGETED_DEVICE_FAMILY = "1,2";
			};
			name = Debug;
		};
		D88D105329B1581900514283 /* Release */ = {
			isa = XCBuildConfiguration;
			buildSettings = {
				ASSETCATALOG_COMPILER_APPICON_NAME = AppIcon;
				ASSETCATALOG_COMPILER_GLOBAL_ACCENT_COLOR_NAME = AccentColor;
				CODE_SIGN_STYLE = Automatic;
				CURRENT_PROJECT_VERSION = 1;
				DEVELOPMENT_TEAM = DXCQ9WGD8Q;
				GENERATE_INFOPLIST_FILE = YES;
				INFOPLIST_FILE = "ContactApp-Seiken/Info.plist";
				INFOPLIST_KEY_UIApplicationSupportsIndirectInputEvents = YES;
				INFOPLIST_KEY_UILaunchStoryboardName = LaunchScreen;
				INFOPLIST_KEY_UIMainStoryboardFile = Main;
				INFOPLIST_KEY_UISupportedInterfaceOrientations_iPad = "UIInterfaceOrientationPortrait UIInterfaceOrientationPortraitUpsideDown UIInterfaceOrientationLandscapeLeft UIInterfaceOrientationLandscapeRight";
				INFOPLIST_KEY_UISupportedInterfaceOrientations_iPhone = "UIInterfaceOrientationPortrait UIInterfaceOrientationLandscapeLeft UIInterfaceOrientationLandscapeRight";
				LD_RUNPATH_SEARCH_PATHS = (
					"$(inherited)",
					"@executable_path/Frameworks",
				);
				MARKETING_VERSION = 1.0;
				PRODUCT_BUNDLE_IDENTIFIER = "com.seikendojo1.ContactApp-Seiken";
				PRODUCT_NAME = "$(TARGET_NAME)";
				SWIFT_EMIT_LOC_STRINGS = YES;
				SWIFT_VERSION = 5.0;
				TARGETED_DEVICE_FAMILY = "1,2";
			};
			name = Release;
		};
		D88D105529B1581900514283 /* Debug */ = {
			isa = XCBuildConfiguration;
			buildSettings = {
				ALWAYS_EMBED_SWIFT_STANDARD_LIBRARIES = YES;
				BUNDLE_LOADER = "$(TEST_HOST)";
				CODE_SIGN_STYLE = Automatic;
				CURRENT_PROJECT_VERSION = 1;
				DEVELOPMENT_TEAM = DXCQ9WGD8Q;
				GENERATE_INFOPLIST_FILE = YES;
				IPHONEOS_DEPLOYMENT_TARGET = 16.2;
				MARKETING_VERSION = 1.0;
				PRODUCT_BUNDLE_IDENTIFIER = "com.seikendojo1.ContactApp-SeikenTests";
				PRODUCT_NAME = "$(TARGET_NAME)";
				SWIFT_EMIT_LOC_STRINGS = NO;
				SWIFT_VERSION = 5.0;
				TARGETED_DEVICE_FAMILY = "1,2";
				TEST_HOST = "$(BUILT_PRODUCTS_DIR)/ContactApp-Seiken.app/$(BUNDLE_EXECUTABLE_FOLDER_PATH)/ContactApp-Seiken";
			};
			name = Debug;
		};
		D88D105629B1581900514283 /* Release */ = {
			isa = XCBuildConfiguration;
			buildSettings = {
				ALWAYS_EMBED_SWIFT_STANDARD_LIBRARIES = YES;
				BUNDLE_LOADER = "$(TEST_HOST)";
				CODE_SIGN_STYLE = Automatic;
				CURRENT_PROJECT_VERSION = 1;
				DEVELOPMENT_TEAM = DXCQ9WGD8Q;
				GENERATE_INFOPLIST_FILE = YES;
				IPHONEOS_DEPLOYMENT_TARGET = 16.2;
				MARKETING_VERSION = 1.0;
				PRODUCT_BUNDLE_IDENTIFIER = "com.seikendojo1.ContactApp-SeikenTests";
				PRODUCT_NAME = "$(TARGET_NAME)";
				SWIFT_EMIT_LOC_STRINGS = NO;
				SWIFT_VERSION = 5.0;
				TARGETED_DEVICE_FAMILY = "1,2";
				TEST_HOST = "$(BUILT_PRODUCTS_DIR)/ContactApp-Seiken.app/$(BUNDLE_EXECUTABLE_FOLDER_PATH)/ContactApp-Seiken";
			};
			name = Release;
		};
		D88D105829B1581900514283 /* Debug */ = {
			isa = XCBuildConfiguration;
			buildSettings = {
				ALWAYS_EMBED_SWIFT_STANDARD_LIBRARIES = YES;
				CODE_SIGN_STYLE = Automatic;
				CURRENT_PROJECT_VERSION = 1;
				DEVELOPMENT_TEAM = DXCQ9WGD8Q;
				GENERATE_INFOPLIST_FILE = YES;
				MARKETING_VERSION = 1.0;
				PRODUCT_BUNDLE_IDENTIFIER = "com.seikendojo1.ContactApp-SeikenUITests";
				PRODUCT_NAME = "$(TARGET_NAME)";
				SWIFT_EMIT_LOC_STRINGS = NO;
				SWIFT_VERSION = 5.0;
				TARGETED_DEVICE_FAMILY = "1,2";
				TEST_TARGET_NAME = "ContactApp-Seiken";
			};
			name = Debug;
		};
		D88D105929B1581900514283 /* Release */ = {
			isa = XCBuildConfiguration;
			buildSettings = {
				ALWAYS_EMBED_SWIFT_STANDARD_LIBRARIES = YES;
				CODE_SIGN_STYLE = Automatic;
				CURRENT_PROJECT_VERSION = 1;
				DEVELOPMENT_TEAM = DXCQ9WGD8Q;
				GENERATE_INFOPLIST_FILE = YES;
				MARKETING_VERSION = 1.0;
				PRODUCT_BUNDLE_IDENTIFIER = "com.seikendojo1.ContactApp-SeikenUITests";
				PRODUCT_NAME = "$(TARGET_NAME)";
				SWIFT_EMIT_LOC_STRINGS = NO;
				SWIFT_VERSION = 5.0;
				TARGETED_DEVICE_FAMILY = "1,2";
				TEST_TARGET_NAME = "ContactApp-Seiken";
			};
			name = Release;
		};
/* End XCBuildConfiguration section */

/* Begin XCConfigurationList section */
		D88D101F29B1581700514283 /* Build configuration list for PBXProject "ContactApp-Seiken" */ = {
			isa = XCConfigurationList;
			buildConfigurations = (
				D88D104F29B1581900514283 /* Debug */,
				D88D105029B1581900514283 /* Release */,
			);
			defaultConfigurationIsVisible = 0;
			defaultConfigurationName = Release;
		};
		D88D105129B1581900514283 /* Build configuration list for PBXNativeTarget "ContactApp-Seiken" */ = {
			isa = XCConfigurationList;
			buildConfigurations = (
				D88D105229B1581900514283 /* Debug */,
				D88D105329B1581900514283 /* Release */,
			);
			defaultConfigurationIsVisible = 0;
			defaultConfigurationName = Release;
		};
		D88D105429B1581900514283 /* Build configuration list for PBXNativeTarget "ContactApp-SeikenTests" */ = {
			isa = XCConfigurationList;
			buildConfigurations = (
				D88D105529B1581900514283 /* Debug */,
				D88D105629B1581900514283 /* Release */,
			);
			defaultConfigurationIsVisible = 0;
			defaultConfigurationName = Release;
		};
		D88D105729B1581900514283 /* Build configuration list for PBXNativeTarget "ContactApp-SeikenUITests" */ = {
			isa = XCConfigurationList;
			buildConfigurations = (
				D88D105829B1581900514283 /* Debug */,
				D88D105929B1581900514283 /* Release */,
			);
			defaultConfigurationIsVisible = 0;
			defaultConfigurationName = Release;
		};
/* End XCConfigurationList section */

/* Begin XCVersionGroup section */
		D88D103029B1581700514283 /* ContactApp_Seiken.xcdatamodeld */ = {
			isa = XCVersionGroup;
			children = (
				D88D103129B1581700514283 /* ContactApp_Seiken.xcdatamodel */,
			);
			currentVersion = D88D103129B1581700514283 /* ContactApp_Seiken.xcdatamodel */;
			path = ContactApp_Seiken.xcdatamodeld;
			sourceTree = "<group>";
			versionGroupType = wrapper.xcdatamodel;
		};
/* End XCVersionGroup section */
	};
	rootObject = D88D101C29B1581700514283 /* Project object */;
}
